
Microsoft Visual Studio Solution File, Format Version 12.00
# Visual Studio Version 16
VisualStudioVersion = 16.0.29324.140
MinimumVisualStudioVersion = 10.0.40219.1
Project("{9A19103F-16F7-4668-BE54-9A1E7A4F7556}") = "UnitTesting", "UnitTesting\UnitTesting.csproj", "{8273C4F6-26E2-4A2B-A8EE-5AB2E4146038}"
EndProject
Project("{9A19103F-16F7-4668-BE54-9A1E7A4F7556}") = "pruebaunitaria", "pruebaunitaria\pruebaunitaria.csproj", "{BFDD0D07-11B9-4DBC-8C32-3CCE5A48E558}"
EndProject
Global
	GlobalSection(SolutionConfigurationPlatforms) = preSolution
		Debug|Any CPU = Debug|Any CPU
		Release|Any CPU = Release|Any CPU
	EndGlobalSection
	GlobalSection(ProjectConfigurationPlatforms) = postSolution
		{8273C4F6-26E2-4A2B-A8EE-5AB2E4146038}.Debug|Any CPU.ActiveCfg = Debug|Any CPU
		{8273C4F6-26E2-4A2B-A8EE-5AB2E4146038}.Debug|Any CPU.Build.0 = Debug|Any CPU
		{8273C4F6-26E2-4A2B-A8EE-5AB2E4146038}.Release|Any CPU.ActiveCfg = Release|Any CPU
		{8273C4F6-26E2-4A2B-A8EE-5AB2E4146038}.Release|Any CPU.Build.0 = Release|Any CPU
		{BFDD0D07-11B9-4DBC-8C32-3CCE5A48E558}.Debug|Any CPU.ActiveCfg = Debug|Any CPU
		{BFDD0D07-11B9-4DBC-8C32-3CCE5A48E558}.Debug|Any CPU.Build.0 = Debug|Any CPU
		{BFDD0D07-11B9-4DBC-8C32-3CCE5A48E558}.Release|Any CPU.ActiveCfg = Release|Any CPU
		{BFDD0D07-11B9-4DBC-8C32-3CCE5A48E558}.Release|Any CPU.Build.0 = Release|Any CPU
	EndGlobalSection
	GlobalSection(SolutionProperties) = preSolution
		HideSolutionNode = FALSE
	EndGlobalSection
	GlobalSection(ExtensibilityGlobals) = postSolution
		SolutionGuid = {C6FDCCDD-43B3-4B39-B7EE-C2D8F572A5F1}
	EndGlobalSection
EndGlobal
